
Microsoft Visual Studio Solution File, Format Version 12.00
Project("{FAE04EC0-301F-11D3-BF4B-00C04F79EFBC}") = "lesson-1", "lesson-1\lesson-1.csproj", "{78E845EC-879F-4D76-A806-469F81F24E11}"
EndProject
Project("{FAE04EC0-301F-11D3-BF4B-00C04F79EFBC}") = "MyLibrary", "MyLibrary\MyLibrary.csproj", "{27A9114B-889C-4CDD-827F-E71DD9D636C3}"
EndProject
Project("{FAE04EC0-301F-11D3-BF4B-00C04F79EFBC}") = "Lesson2", "Lesson2\Lesson2.csproj", "{5EA556FF-E049-44F3-AF18-392163BBE92A}"
EndProject
Project("{FAE04EC0-301F-11D3-BF4B-00C04F79EFBC}") = "Lesson 3", "Lesson 3\Lesson 3.csproj", "{49E1FA08-9A51-4AEA-AAF0-E7520ABA2D96}"
EndProject
Project("{FAE04EC0-301F-11D3-BF4B-00C04F79EFBC}") = "Lesson 4", "Lesson 4\Lesson 4.csproj", "{5F5EEB7E-49C9-4963-9362-D1CE11D71B77}"
EndProject
Project("{FAE04EC0-301F-11D3-BF4B-00C04F79EFBC}") = "Lesson 6", "Lesson 6\Lesson 6.csproj", "{143EB63C-247E-4649-A0F9-257F5A51C4C5}"
EndProject
Global
	GlobalSection(SolutionConfigurationPlatforms) = preSolution
		Debug|Any CPU = Debug|Any CPU
		Release|Any CPU = Release|Any CPU
	EndGlobalSection
	GlobalSection(ProjectConfigurationPlatforms) = postSolution
		{78E845EC-879F-4D76-A806-469F81F24E11}.Debug|Any CPU.ActiveCfg = Debug|Any CPU
		{78E845EC-879F-4D76-A806-469F81F24E11}.Debug|Any CPU.Build.0 = Debug|Any CPU
		{27A9114B-889C-4CDD-827F-E71DD9D636C3}.Debug|Any CPU.ActiveCfg = Debug|Any CPU
		{27A9114B-889C-4CDD-827F-E71DD9D636C3}.Debug|Any CPU.Build.0 = Debug|Any CPU
		{27A9114B-889C-4CDD-827F-E71DD9D636C3}.Release|Any CPU.ActiveCfg = Release|Any CPU
		{27A9114B-889C-4CDD-827F-E71DD9D636C3}.Release|Any CPU.Build.0 = Release|Any CPU
		{5EA556FF-E049-44F3-AF18-392163BBE92A}.Debug|Any CPU.ActiveCfg = Debug|Any CPU
		{5EA556FF-E049-44F3-AF18-392163BBE92A}.Debug|Any CPU.Build.0 = Debug|Any CPU
		{5EA556FF-E049-44F3-AF18-392163BBE92A}.Release|Any CPU.ActiveCfg = Release|Any CPU
		{5EA556FF-E049-44F3-AF18-392163BBE92A}.Release|Any CPU.Build.0 = Release|Any CPU
		{49E1FA08-9A51-4AEA-AAF0-E7520ABA2D96}.Debug|Any CPU.ActiveCfg = Debug|Any CPU
		{49E1FA08-9A51-4AEA-AAF0-E7520ABA2D96}.Debug|Any CPU.Build.0 = Debug|Any CPU
		{49E1FA08-9A51-4AEA-AAF0-E7520ABA2D96}.Release|Any CPU.ActiveCfg = Release|Any CPU
		{49E1FA08-9A51-4AEA-AAF0-E7520ABA2D96}.Release|Any CPU.Build.0 = Release|Any CPU
		{5F5EEB7E-49C9-4963-9362-D1CE11D71B77}.Debug|Any CPU.ActiveCfg = Debug|Any CPU
		{5F5EEB7E-49C9-4963-9362-D1CE11D71B77}.Debug|Any CPU.Build.0 = Debug|Any CPU
		{5F5EEB7E-49C9-4963-9362-D1CE11D71B77}.Release|Any CPU.ActiveCfg = Release|Any CPU
		{5F5EEB7E-49C9-4963-9362-D1CE11D71B77}.Release|Any CPU.Build.0 = Release|Any CPU
		{143EB63C-247E-4649-A0F9-257F5A51C4C5}.Debug|Any CPU.ActiveCfg = Debug|Any CPU
		{143EB63C-247E-4649-A0F9-257F5A51C4C5}.Debug|Any CPU.Build.0 = Debug|Any CPU
		{143EB63C-247E-4649-A0F9-257F5A51C4C5}.Release|Any CPU.ActiveCfg = Release|Any CPU
		{143EB63C-247E-4649-A0F9-257F5A51C4C5}.Release|Any CPU.Build.0 = Release|Any CPU
	EndGlobalSection
EndGlobal
